// !$*UTF8*$!
{
	archiveVersion = 1;
	classes = {
	};
	objectVersion = 46;
	objects = {

/* Begin PBXBuildFile section */
		B04C9E741B7B35FD002D55E7 /* PullToBounceTests.swift in Sources */ = {isa = PBXBuildFile; fileRef = B04C9E731B7B35FD002D55E7 /* PullToBounceTests.swift */; };
		B04C9E841B7B3669002D55E7 /* BallView.swift in Sources */ = {isa = PBXBuildFile; fileRef = B04C9E7E1B7B3669002D55E7 /* BallView.swift */; };
		B04C9E851B7B3669002D55E7 /* BounceView.swift in Sources */ = {isa = PBXBuildFile; fileRef = B04C9E7F1B7B3669002D55E7 /* BounceView.swift */; };
		B04C9E891B7B3669002D55E7 /* WaveView.swift in Sources */ = {isa = PBXBuildFile; fileRef = B04C9E831B7B3669002D55E7 /* WaveView.swift */; };
		B04C9E8F1B7B369B002D55E7 /* AppDelegate.swift in Sources */ = {isa = PBXBuildFile; fileRef = B04C9E8D1B7B369B002D55E7 /* AppDelegate.swift */; };
		B04C9E981B7B3761002D55E7 /* LaunchScreen.xib in Resources */ = {isa = PBXBuildFile; fileRef = B04C9E921B7B3761002D55E7 /* LaunchScreen.xib */; };
		B04C9E991B7B3761002D55E7 /* Main.storyboard in Resources */ = {isa = PBXBuildFile; fileRef = B04C9E941B7B3761002D55E7 /* Main.storyboard */; };
		B04C9E9A1B7B3761002D55E7 /* Images.xcassets in Resources */ = {isa = PBXBuildFile; fileRef = B04C9E961B7B3761002D55E7 /* Images.xcassets */; };
		B04C9E9D1B7B377D002D55E7 /* Info.plist in Resources */ = {isa = PBXBuildFile; fileRef = B04C9E9C1B7B377D002D55E7 /* Info.plist */; };
		B04C9E9F1B7B3838002D55E7 /* TableViewExample.swift in Sources */ = {isa = PBXBuildFile; fileRef = B04C9E9E1B7B3838002D55E7 /* TableViewExample.swift */; };
		B04C9EA31B7B4D19002D55E7 /* SampleTableView.swift in Sources */ = {isa = PBXBuildFile; fileRef = B04C9EA21B7B4D19002D55E7 /* SampleTableView.swift */; };
		B04C9EA51B7B50EB002D55E7 /* SampleCell.swift in Sources */ = {isa = PBXBuildFile; fileRef = B04C9EA41B7B50EB002D55E7 /* SampleCell.swift */; };
		B0DE06471B7C23590087EE7F /* Colors.swift in Sources */ = {isa = PBXBuildFile; fileRef = B0DE06461B7C23590087EE7F /* Colors.swift */; };
		B0DE064B1B7C51190087EE7F /* CGRectEx.swift in Sources */ = {isa = PBXBuildFile; fileRef = B0DE06491B7C51190087EE7F /* CGRectEx.swift */; };
		B0DE064C1B7C51190087EE7F /* NSTimerEx.swift in Sources */ = {isa = PBXBuildFile; fileRef = B0DE064A1B7C51190087EE7F /* NSTimerEx.swift */; };
		B0DE064E1B7C511F0087EE7F /* PullToBounceWrapper.swift in Sources */ = {isa = PBXBuildFile; fileRef = B0DE064D1B7C511F0087EE7F /* PullToBounceWrapper.swift */; };
/* End PBXBuildFile section */

/* Begin PBXContainerItemProxy section */
		B04C9E6E1B7B35FD002D55E7 /* PBXContainerItemProxy */ = {
			isa = PBXContainerItemProxy;
			containerPortal = B04C9E501B7B35FD002D55E7 /* Project object */;
			proxyType = 1;
			remoteGlobalIDString = B04C9E571B7B35FD002D55E7;
			remoteInfo = PullToBounce;
		};
/* End PBXContainerItemProxy section */

/* Begin PBXFileReference section */
		B04C9E581B7B35FD002D55E7 /* PullToBounce.app */ = {isa = PBXFileReference; explicitFileType = wrapper.application; includeInIndex = 0; path = PullToBounce.app; sourceTree = BUILT_PRODUCTS_DIR; };
		B04C9E6D1B7B35FD002D55E7 /* PullToBounceTests.xctest */ = {isa = PBXFileReference; explicitFileType = wrapper.cfbundle; includeInIndex = 0; path = PullToBounceTests.xctest; sourceTree = BUILT_PRODUCTS_DIR; };
		B04C9E721B7B35FD002D55E7 /* Info.plist */ = {isa = PBXFileReference; lastKnownFileType = text.plist.xml; path = Info.plist; sourceTree = "<group>"; };
		B04C9E731B7B35FD002D55E7 /* PullToBounceTests.swift */ = {isa = PBXFileReference; lastKnownFileType = sourcecode.swift; path = PullToBounceTests.swift; sourceTree = "<group>"; };
		B04C9E7E1B7B3669002D55E7 /* BallView.swift */ = {isa = PBXFileReference; fileEncoding = 4; lastKnownFileType = sourcecode.swift; path = BallView.swift; sourceTree = "<group>"; };
		B04C9E7F1B7B3669002D55E7 /* BounceView.swift */ = {isa = PBXFileReference; fileEncoding = 4; lastKnownFileType = sourcecode.swift; path = BounceView.swift; sourceTree = "<group>"; };
		B04C9E831B7B3669002D55E7 /* WaveView.swift */ = {isa = PBXFileReference; fileEncoding = 4; lastKnownFileType = sourcecode.swift; path = WaveView.swift; sourceTree = "<group>"; };
		B04C9E8D1B7B369B002D55E7 /* AppDelegate.swift */ = {isa = PBXFileReference; fileEncoding = 4; lastKnownFileType = sourcecode.swift; path = AppDelegate.swift; sourceTree = "<group>"; };
		B04C9E931B7B3761002D55E7 /* Base */ = {isa = PBXFileReference; lastKnownFileType = file.xib; name = Base; path = LaunchScreen.xib; sourceTree = "<group>"; };
		B04C9E951B7B3761002D55E7 /* Base */ = {isa = PBXFileReference; lastKnownFileType = file.storyboard; name = Base; path = Main.storyboard; sourceTree = "<group>"; };
		B04C9E961B7B3761002D55E7 /* Images.xcassets */ = {isa = PBXFileReference; lastKnownFileType = folder.assetcatalog; path = Images.xcassets; sourceTree = "<group>"; };
		B04C9E9C1B7B377D002D55E7 /* Info.plist */ = {isa = PBXFileReference; fileEncoding = 4; lastKnownFileType = text.plist.xml; path = Info.plist; sourceTree = "<group>"; };
		B04C9E9E1B7B3838002D55E7 /* TableViewExample.swift */ = {isa = PBXFileReference; fileEncoding = 4; lastKnownFileType = sourcecode.swift; path = TableViewExample.swift; sourceTree = "<group>"; };
		B04C9EA21B7B4D19002D55E7 /* SampleTableView.swift */ = {isa = PBXFileReference; fileEncoding = 4; lastKnownFileType = sourcecode.swift; path = SampleTableView.swift; sourceTree = "<group>"; };
		B04C9EA41B7B50EB002D55E7 /* SampleCell.swift */ = {isa = PBXFileReference; fileEncoding = 4; lastKnownFileType = sourcecode.swift; path = SampleCell.swift; sourceTree = "<group>"; };
		B0DE06461B7C23590087EE7F /* Colors.swift */ = {isa = PBXFileReference; fileEncoding = 4; lastKnownFileType = sourcecode.swift; path = Colors.swift; sourceTree = "<group>"; };
		B0DE06491B7C51190087EE7F /* CGRectEx.swift */ = {isa = PBXFileReference; fileEncoding = 4; lastKnownFileType = sourcecode.swift; path = CGRectEx.swift; sourceTree = "<group>"; };
		B0DE064A1B7C51190087EE7F /* NSTimerEx.swift */ = {isa = PBXFileReference; fileEncoding = 4; lastKnownFileType = sourcecode.swift; path = NSTimerEx.swift; sourceTree = "<group>"; };
		B0DE064D1B7C511F0087EE7F /* PullToBounceWrapper.swift */ = {isa = PBXFileReference; fileEncoding = 4; lastKnownFileType = sourcecode.swift; path = PullToBounceWrapper.swift; sourceTree = "<group>"; };
/* End PBXFileReference section */

/* Begin PBXFrameworksBuildPhase section */
		B04C9E551B7B35FD002D55E7 /* Frameworks */ = {
			isa = PBXFrameworksBuildPhase;
			buildActionMask = 2147483647;
			files = (
			);
			runOnlyForDeploymentPostprocessing = 0;
		};
		B04C9E6A1B7B35FD002D55E7 /* Frameworks */ = {
			isa = PBXFrameworksBuildPhase;
			buildActionMask = 2147483647;
			files = (
			);
			runOnlyForDeploymentPostprocessing = 0;
		};
/* End PBXFrameworksBuildPhase section */

/* Begin PBXGroup section */
		B04C9E4F1B7B35FD002D55E7 = {
			isa = PBXGroup;
			children = (
				B04C9E5A1B7B35FD002D55E7 /* PullToBounce */,
				B04C9E701B7B35FD002D55E7 /* PullToBounceTests */,
				B04C9E591B7B35FD002D55E7 /* Products */,
			);
			sourceTree = "<group>";
		};
		B04C9E591B7B35FD002D55E7 /* Products */ = {
			isa = PBXGroup;
			children = (
				B04C9E581B7B35FD002D55E7 /* PullToBounce.app */,
				B04C9E6D1B7B35FD002D55E7 /* PullToBounceTests.xctest */,
			);
			name = Products;
			sourceTree = "<group>";
		};
		B04C9E5A1B7B35FD002D55E7 /* PullToBounce */ = {
			isa = PBXGroup;
			children = (
				B04C9E8A1B7B3672002D55E7 /* Example */,
				B04C9E7D1B7B3669002D55E7 /* Source */,
				B04C9E5B1B7B35FD002D55E7 /* Supporting Files */,
			);
			path = PullToBounce;
			sourceTree = "<group>";
		};
		B04C9E5B1B7B35FD002D55E7 /* Supporting Files */ = {
			isa = PBXGroup;
			children = (
				B04C9E9C1B7B377D002D55E7 /* Info.plist */,
			);
			name = "Supporting Files";
			sourceTree = "<group>";
		};
		B04C9E701B7B35FD002D55E7 /* PullToBounceTests */ = {
			isa = PBXGroup;
			children = (
				B04C9E731B7B35FD002D55E7 /* PullToBounceTests.swift */,
				B04C9E711B7B35FD002D55E7 /* Supporting Files */,
			);
			path = PullToBounceTests;
			sourceTree = "<group>";
		};
		B04C9E711B7B35FD002D55E7 /* Supporting Files */ = {
			isa = PBXGroup;
			children = (
				B04C9E721B7B35FD002D55E7 /* Info.plist */,
			);
			name = "Supporting Files";
			sourceTree = "<group>";
		};
		B04C9E7D1B7B3669002D55E7 /* Source */ = {
			isa = PBXGroup;
			children = (
				B0DE06481B7C51190087EE7F /* helper */,
				B0DE064D1B7C511F0087EE7F /* PullToBounceWrapper.swift */,
				B04C9E7F1B7B3669002D55E7 /* BounceView.swift */,
				B04C9E7E1B7B3669002D55E7 /* BallView.swift */,
				B04C9E831B7B3669002D55E7 /* WaveView.swift */,
			);
			path = Source;
			sourceTree = "<group>";
		};
		B04C9E8A1B7B3672002D55E7 /* Example */ = {
			isa = PBXGroup;
			children = (
				B04C9E8D1B7B369B002D55E7 /* AppDelegate.swift */,
				B04C9E9E1B7B3838002D55E7 /* TableViewExample.swift */,
				B04C9EA21B7B4D19002D55E7 /* SampleTableView.swift */,
				B04C9EA41B7B50EB002D55E7 /* SampleCell.swift */,
				B0DE06461B7C23590087EE7F /* Colors.swift */,
				B04C9E911B7B3761002D55E7 /* Base.lproj */,
				B04C9E961B7B3761002D55E7 /* Images.xcassets */,
			);
			path = Example;
			sourceTree = "<group>";
		};
		B04C9E911B7B3761002D55E7 /* Base.lproj */ = {
			isa = PBXGroup;
			children = (
				B04C9E921B7B3761002D55E7 /* LaunchScreen.xib */,
				B04C9E941B7B3761002D55E7 /* Main.storyboard */,
			);
			path = Base.lproj;
			sourceTree = "<group>";
		};
		B0DE06481B7C51190087EE7F /* helper */ = {
			isa = PBXGroup;
			children = (
				B0DE06491B7C51190087EE7F /* CGRectEx.swift */,
				B0DE064A1B7C51190087EE7F /* NSTimerEx.swift */,
			);
			path = helper;
			sourceTree = "<group>";
		};
/* End PBXGroup section */

/* Begin PBXNativeTarget section */
		B04C9E571B7B35FD002D55E7 /* PullToBounce */ = {
			isa = PBXNativeTarget;
			buildConfigurationList = B04C9E771B7B35FD002D55E7 /* Build configuration list for PBXNativeTarget "PullToBounce" */;
			buildPhases = (
				B04C9E541B7B35FD002D55E7 /* Sources */,
				B04C9E551B7B35FD002D55E7 /* Frameworks */,
				B04C9E561B7B35FD002D55E7 /* Resources */,
			);
			buildRules = (
			);
			dependencies = (
			);
			name = PullToBounce;
			productName = PullToBounce;
			productReference = B04C9E581B7B35FD002D55E7 /* PullToBounce.app */;
			productType = "com.apple.product-type.application";
		};
		B04C9E6C1B7B35FD002D55E7 /* PullToBounceTests */ = {
			isa = PBXNativeTarget;
			buildConfigurationList = B04C9E7A1B7B35FD002D55E7 /* Build configuration list for PBXNativeTarget "PullToBounceTests" */;
			buildPhases = (
				B04C9E691B7B35FD002D55E7 /* Sources */,
				B04C9E6A1B7B35FD002D55E7 /* Frameworks */,
				B04C9E6B1B7B35FD002D55E7 /* Resources */,
			);
			buildRules = (
			);
			dependencies = (
				B04C9E6F1B7B35FD002D55E7 /* PBXTargetDependency */,
			);
			name = PullToBounceTests;
			productName = PullToBounceTests;
			productReference = B04C9E6D1B7B35FD002D55E7 /* PullToBounceTests.xctest */;
			productType = "com.apple.product-type.bundle.unit-test";
		};
/* End PBXNativeTarget section */

/* Begin PBXProject section */
		B04C9E501B7B35FD002D55E7 /* Project object */ = {
			isa = PBXProject;
			attributes = {
				LastSwiftMigration = 0700;
				LastSwiftUpdateCheck = 0700;
				LastUpgradeCheck = 0640;
				ORGANIZATIONNAME = Uniface;
				TargetAttributes = {
					B04C9E571B7B35FD002D55E7 = {
						CreatedOnToolsVersion = 6.4;
					};
					B04C9E6C1B7B35FD002D55E7 = {
						CreatedOnToolsVersion = 6.4;
						TestTargetID = B04C9E571B7B35FD002D55E7;
					};
				};
			};
			buildConfigurationList = B04C9E531B7B35FD002D55E7 /* Build configuration list for PBXProject "PullToBounce" */;
			compatibilityVersion = "Xcode 3.2";
			developmentRegion = English;
			hasScannedForEncodings = 0;
			knownRegions = (
				en,
				Base,
			);
			mainGroup = B04C9E4F1B7B35FD002D55E7;
			productRefGroup = B04C9E591B7B35FD002D55E7 /* Products */;
			projectDirPath = "";
			projectRoot = "";
			targets = (
				B04C9E571B7B35FD002D55E7 /* PullToBounce */,
				B04C9E6C1B7B35FD002D55E7 /* PullToBounceTests */,
			);
		};
/* End PBXProject section */

/* Begin PBXResourcesBuildPhase section */
		B04C9E561B7B35FD002D55E7 /* Resources */ = {
			isa = PBXResourcesBuildPhase;
			buildActionMask = 2147483647;
			files = (
				B04C9E9A1B7B3761002D55E7 /* Images.xcassets in Resources */,
				B04C9E981B7B3761002D55E7 /* LaunchScreen.xib in Resources */,
				B04C9E9D1B7B377D002D55E7 /* Info.plist in Resources */,
				B04C9E991B7B3761002D55E7 /* Main.storyboard in Resources */,
			);
			runOnlyForDeploymentPostprocessing = 0;
		};
		B04C9E6B1B7B35FD002D55E7 /* Resources */ = {
			isa = PBXResourcesBuildPhase;
			buildActionMask = 2147483647;
			files = (
			);
			runOnlyForDeploymentPostprocessing = 0;
		};
/* End PBXResourcesBuildPhase section */

/* Begin PBXSourcesBuildPhase section */
		B04C9E541B7B35FD002D55E7 /* Sources */ = {
			isa = PBXSourcesBuildPhase;
			buildActionMask = 2147483647;
			files = (
				B04C9E8F1B7B369B002D55E7 /* AppDelegate.swift in Sources */,
				B04C9EA31B7B4D19002D55E7 /* SampleTableView.swift in Sources */,
				B0DE064C1B7C51190087EE7F /* NSTimerEx.swift in Sources */,
				B0DE064E1B7C511F0087EE7F /* PullToBounceWrapper.swift in Sources */,
				B0DE06471B7C23590087EE7F /* Colors.swift in Sources */,
				B04C9E841B7B3669002D55E7 /* BallView.swift in Sources */,
				B04C9EA51B7B50EB002D55E7 /* SampleCell.swift in Sources */,
				B04C9E9F1B7B3838002D55E7 /* TableViewExample.swift in Sources */,
				B04C9E851B7B3669002D55E7 /* BounceView.swift in Sources */,
				B0DE064B1B7C51190087EE7F /* CGRectEx.swift in Sources */,
				B04C9E891B7B3669002D55E7 /* WaveView.swift in Sources */,
			);
			runOnlyForDeploymentPostprocessing = 0;
		};
		B04C9E691B7B35FD002D55E7 /* Sources */ = {
			isa = PBXSourcesBuildPhase;
			buildActionMask = 2147483647;
			files = (
				B04C9E741B7B35FD002D55E7 /* PullToBounceTests.swift in Sources */,
			);
			runOnlyForDeploymentPostprocessing = 0;
		};
/* End PBXSourcesBuildPhase section */

/* Begin PBXTargetDependency section */
		B04C9E6F1B7B35FD002D55E7 /* PBXTargetDependency */ = {
			isa = PBXTargetDependency;
			target = B04C9E571B7B35FD002D55E7 /* PullToBounce */;
			targetProxy = B04C9E6E1B7B35FD002D55E7 /* PBXContainerItemProxy */;
		};
/* End PBXTargetDependency section */

/* Begin PBXVariantGroup section */
		B04C9E921B7B3761002D55E7 /* LaunchScreen.xib */ = {
			isa = PBXVariantGroup;
			children = (
				B04C9E931B7B3761002D55E7 /* Base */,
			);
			name = LaunchScreen.xib;
			sourceTree = "<group>";
		};
		B04C9E941B7B3761002D55E7 /* Main.storyboard */ = {
			isa = PBXVariantGroup;
			children = (
				B04C9E951B7B3761002D55E7 /* Base */,
			);
			name = Main.storyboard;
			sourceTree = "<group>";
		};
/* End PBXVariantGroup section */

/* Begin XCBuildConfiguration section */
		B04C9E751B7B35FD002D55E7 /* Debug */ = {
			isa = XCBuildConfiguration;
			buildSettings = {
				ALWAYS_SEARCH_USER_PATHS = NO;
				CLANG_CXX_LANGUAGE_STANDARD = "gnu++0x";
				CLANG_CXX_LIBRARY = "libc++";
				CLANG_ENABLE_MODULES = YES;
				CLANG_ENABLE_OBJC_ARC = YES;
				CLANG_WARN_BOOL_CONVERSION = YES;
				CLANG_WARN_CONSTANT_CONVERSION = YES;
				CLANG_WARN_DIRECT_OBJC_ISA_USAGE = YES_ERROR;
				CLANG_WARN_EMPTY_BODY = YES;
				CLANG_WARN_ENUM_CONVERSION = YES;
				CLANG_WARN_INT_CONVERSION = YES;
				CLANG_WARN_OBJC_ROOT_CLASS = YES_ERROR;
				CLANG_WARN_UNREACHABLE_CODE = YES;
				CLANG_WARN__DUPLICATE_METHOD_MATCH = YES;
				"CODE_SIGN_IDENTITY[sdk=iphoneos*]" = "iPhone Developer";
				COPY_PHASE_STRIP = NO;
				DEBUG_INFORMATION_FORMAT = "dwarf-with-dsym";
				ENABLE_STRICT_OBJC_MSGSEND = YES;
				GCC_C_LANGUAGE_STANDARD = gnu99;
				GCC_DYNAMIC_NO_PIC = NO;
				GCC_NO_COMMON_BLOCKS = YES;
				GCC_OPTIMIZATION_LEVEL = 0;
				GCC_PREPROCESSOR_DEFINITIONS = (
					"DEBUG=1",
					"$(inherited)",
				);
				GCC_SYMBOLS_PRIVATE_EXTERN = NO;
				GCC_WARN_64_TO_32_BIT_CONVERSION = YES;
				GCC_WARN_ABOUT_RETURN_TYPE = YES_ERROR;
				GCC_WARN_UNDECLARED_SELECTOR = YES;
				GCC_WARN_UNINITIALIZED_AUTOS = YES_AGGRESSIVE;
				GCC_WARN_UNUSED_FUNCTION = YES;
				GCC_WARN_UNUSED_VARIABLE = YES;
				IPHONEOS_DEPLOYMENT_TARGET = 8.4;
				MTL_ENABLE_DEBUG_INFO = YES;
				ONLY_ACTIVE_ARCH = YES;
				SDKROOT = iphoneos;
				SWIFT_OPTIMIZATION_LEVEL = "-Onone";
				TARGETED_DEVICE_FAMILY = "1,2";
			};
			name = Debug;
		};
		B04C9E761B7B35FD002D55E7 /* Release */ = {
			isa = XCBuildConfiguration;
			buildSettings = {
				ALWAYS_SEARCH_USER_PATHS = NO;
				CLANG_CXX_LANGUAGE_STANDARD = "gnu++0x";
				CLANG_CXX_LIBRARY = "libc++";
				CLANG_ENABLE_MODULES = YES;
				CLANG_ENABLE_OBJC_ARC = YES;
				CLANG_WARN_BOOL_CONVERSION = YES;
				CLANG_WARN_CONSTANT_CONVERSION = YES;
				CLANG_WARN_DIRECT_OBJC_ISA_USAGE = YES_ERROR;
				CLANG_WARN_EMPTY_BODY = YES;
				CLANG_WARN_ENUM_CONVERSION = YES;
				CLANG_WARN_INT_CONVERSION = YES;
				CLANG_WARN_OBJC_ROOT_CLASS = YES_ERROR;
				CLANG_WARN_UNREACHABLE_CODE = YES;
				CLANG_WARN__DUPLICATE_METHOD_MATCH = YES;
				"CODE_SIGN_IDENTITY[sdk=iphoneos*]" = "iPhone Developer";
				COPY_PHASE_STRIP = NO;
				DEBUG_INFORMATION_FORMAT = "dwarf-with-dsym";
				ENABLE_NS_ASSERTIONS = NO;
				ENABLE_STRICT_OBJC_MSGSEND = YES;
				GCC_C_LANGUAGE_STANDARD = gnu99;
				GCC_NO_COMMON_BLOCKS = YES;
				GCC_WARN_64_TO_32_BIT_CONVERSION = YES;
				GCC_WARN_ABOUT_RETURN_TYPE = YES_ERROR;
				GCC_WARN_UNDECLARED_SELECTOR = YES;
				GCC_WARN_UNINITIALIZED_AUTOS = YES_AGGRESSIVE;
				GCC_WARN_UNUSED_FUNCTION = YES;
				GCC_WARN_UNUSED_VARIABLE = YES;
				IPHONEOS_DEPLOYMENT_TARGET = 8.4;
				MTL_ENABLE_DEBUG_INFO = NO;
				SDKROOT = iphoneos;
				TARGETED_DEVICE_FAMILY = "1,2";
				VALIDATE_PRODUCT = YES;
			};
			name = Release;
		};
		B04C9E781B7B35FD002D55E7 /* Debug */ = {
			isa = XCBuildConfiguration;
			buildSettings = {
				ASSETCATALOG_COMPILER_APPICON_NAME = AppIcon;
				INFOPLIST_FILE = PullToBounce/Info.plist;
				LD_RUNPATH_SEARCH_PATHS = "$(inherited) @executable_path/Frameworks";
				PRODUCT_NAME = "$(TARGET_NAME)";
			};
			name = Debug;
		};
		B04C9E791B7B35FD002D55E7 /* Release */ = {
			isa = XCBuildConfiguration;
			buildSettings = {
				ASSETCATALOG_COMPILER_APPICON_NAME = AppIcon;
				INFOPLIST_FILE = PullToBounce/Info.plist;
				LD_RUNPATH_SEARCH_PATHS = "$(inherited) @executable_path/Frameworks";
				PRODUCT_NAME = "$(TARGET_NAME)";
			};
			name = Release;
		};
		B04C9E7B1B7B35FD002D55E7 /* Debug */ = {
			isa = XCBuildConfiguration;
			buildSettings = {
				BUNDLE_LOADER = "$(TEST_HOST)";
				FRAMEWORK_SEARCH_PATHS = (
					"$(SDKROOT)/Developer/Library/Frameworks",
					"$(inherited)",
				);
				GCC_PREPROCESSOR_DEFINITIONS = (
					"DEBUG=1",
					"$(inherited)",
				);
				INFOPLIST_FILE = PullToBounceTests/Info.plist;
				LD_RUNPATH_SEARCH_PATHS = "$(inherited) @executable_path/Frameworks @loader_path/Frameworks";
				PRODUCT_NAME = "$(TARGET_NAME)";
				TEST_HOST = "$(BUILT_PRODUCTS_DIR)/PullToBounce.app/PullToBounce";
			};
			name = Debug;
		};
		B04C9E7C1B7B35FD002D55E7 /* Release */ = {
			isa = XCBuildConfiguration;
			buildSettings = {
				BUNDLE_LOADER = "$(TEST_HOST)";
				FRAMEWORK_SEARCH_PATHS = (
					"$(SDKROOT)/Developer/Library/Frameworks",
					"$(inherited)",
				);
				INFOPLIST_FILE = PullToBounceTests/Info.plist;
				LD_RUNPATH_SEARCH_PATHS = "$(inherited) @executable_path/Frameworks @loader_path/Frameworks";
				PRODUCT_NAME = "$(TARGET_NAME)";
				TEST_HOST = "$(BUILT_PRODUCTS_DIR)/PullToBounce.app/PullToBounce";
			};
			name = Release;
		};
/* End XCBuildConfiguration section */

/* Begin XCConfigurationList section */
		B04C9E531B7B35FD002D55E7 /* Build configuration list for PBXProject "PullToBounce" */ = {
			isa = XCConfigurationList;
			buildConfigurations = (
				B04C9E751B7B35FD002D55E7 /* Debug */,
				B04C9E761B7B35FD002D55E7 /* Release */,
			);
			defaultConfigurationIsVisible = 0;
			defaultConfigurationName = Release;
		};
		B04C9E771B7B35FD002D55E7 /* Build configuration list for PBXNativeTarget "PullToBounce" */ = {
			isa = XCConfigurationList;
			buildConfigurations = (
				B04C9E781B7B35FD002D55E7 /* Debug */,
				B04C9E791B7B35FD002D55E7 /* Release */,
			);
			defaultConfigurationIsVisible = 0;
			defaultConfigurationName = Release;
		};
		B04C9E7A1B7B35FD002D55E7 /* Build configuration list for PBXNativeTarget "PullToBounceTests" */ = {
			isa = XCConfigurationList;
			buildConfigurations = (
				B04C9E7B1B7B35FD002D55E7 /* Debug */,
				B04C9E7C1B7B35FD002D55E7 /* Release */,
			);
			defaultConfigurationIsVisible = 0;
			defaultConfigurationName = Release;
		};
/* End XCConfigurationList section */
	};
	rootObject = B04C9E501B7B35FD002D55E7 /* Project object */;
}
